{
  "version": "4",
  "specifiers": {
    "jsr:@luca/esbuild-deno-loader@~0.11.1": "0.11.1",
    "jsr:@std/assert@1": "1.0.12",
    "jsr:@std/bytes@^1.0.2": "1.0.5",
    "jsr:@std/encoding@^1.0.5": "1.0.8",
    "jsr:@std/internal@^1.0.6": "1.0.6",
    "jsr:@std/path@^1.0.6": "1.0.8",
    "npm:@types/node@*": "22.10.2",
    "npm:esbuild-plugin-solid@*": "0.6.0_esbuild@0.20.2_solid-js@1.8.15__seroval@1.2.1_@babel+core@7.26.10",
    "npm:esbuild@*": "0.24.2",
    "npm:esbuild@0.20.2": "0.20.2",
    "npm:solid-js@1.8.15": "1.8.15_seroval@1.2.1",
    "npm:solid-js@1.9.5": "1.9.5_seroval@1.2.1"
  },
  "jsr": {
    "@luca/esbuild-deno-loader@0.11.1": {
      "integrity": "dc020d16d75b591f679f6b9288b10f38bdb4f24345edb2f5732affa1d9885267",
      "dependencies": [
        "jsr:@std/bytes",
        "jsr:@std/encoding",
        "jsr:@std/path"
      ]
    },
    "@std/assert@1.0.12": {
      "integrity": "08009f0926dda9cbd8bef3a35d3b6a4b964b0ab5c3e140a4e0351fbf34af5b9a",
      "dependencies": [
        "jsr:@std/internal"
      ]
    },
    "@std/bytes@1.0.5": {
      "integrity": "4465dd739d7963d964c809202ebea6d5c6b8e3829ef25c6a224290fbb8a1021e"
    },
    "@std/encoding@1.0.8": {
      "integrity": "a6c8f3f933ab1bed66244f435d1dc0fd23a888e07195532122ddc3d5f8f0e6b4"
    },
    "@std/internal@1.0.6": {
      "integrity": "9533b128f230f73bd209408bb07a4b12f8d4255ab2a4d22a1fd6d87304aca9a4"
    },
    "@std/path@1.0.8": {
      "integrity": "548fa456bb6a04d3c1a1e7477986b6cffbce95102d0bb447c67c4ee70e0364be"
    }
  },
  "npm": {
    "@ampproject/remapping@2.3.0": {
      "integrity": "sha512-30iZtAPgz+LTIYoeivqYo853f02jBYSd5uGnGpkFV0M3xOt9aN73erkgYAmZU43x4VfqcnLxW9Kpg3R5LC4YYw==",
      "dependencies": [
        "@jridgewell/gen-mapping",
        "@jridgewell/trace-mapping"
      ]
    },
    "@babel/code-frame@7.26.2": {
      "integrity": "sha512-RJlIHRueQgwWitWgF8OdFYGZX328Ax5BCemNGlqHfplnRT9ESi8JkFlvaVYbS+UubVY6dpv87Fs2u5M29iNFVQ==",
      "dependencies": [
        "@babel/helper-validator-identifier",
        "js-tokens",
        "picocolors"
      ]
    },
    "@babel/compat-data@7.26.8": {
      "integrity": "sha512-oH5UPLMWR3L2wEFLnFJ1TZXqHufiTKAiLfqw5zkhS4dKXLJ10yVztfil/twG8EDTA4F/tvVNw9nOl4ZMslB8rQ=="
    },
    "@babel/core@7.26.10": {
      "integrity": "sha512-vMqyb7XCDMPvJFFOaT9kxtiRh42GwlZEg1/uIgtZshS5a/8OaduUfCi7kynKgc3Tw/6Uo2D+db9qBttghhmxwQ==",
      "dependencies": [
        "@ampproject/remapping",
        "@babel/code-frame",
        "@babel/generator",
        "@babel/helper-compilation-targets",
        "@babel/helper-module-transforms",
        "@babel/helpers",
        "@babel/parser",
        "@babel/template",
        "@babel/traverse",
        "@babel/types",
        "convert-source-map",
        "debug",
        "gensync",
        "json5",
        "semver"
      ]
    },
    "@babel/generator@7.27.0": {
      "integrity": "sha512-VybsKvpiN1gU1sdMZIp7FcqphVVKEwcuj02x73uvcHE0PTihx1nlBcowYWhDwjpoAXRv43+gDzyggGnn1XZhVw==",
      "dependencies": [
        "@babel/parser",
        "@babel/types",
        "@jridgewell/gen-mapping",
        "@jridgewell/trace-mapping",
        "jsesc"
      ]
    },
    "@babel/helper-annotate-as-pure@7.25.9": {
      "integrity": "sha512-gv7320KBUFJz1RnylIg5WWYPRXKZ884AGkYpgpWW02TH66Dl+HaC1t1CKd0z3R4b6hdYEcmrNZHUmfCP+1u3/g==",
      "dependencies": [
        "@babel/types"
      ]
    },
    "@babel/helper-compilation-targets@7.27.0": {
      "integrity": "sha512-LVk7fbXml0H2xH34dFzKQ7TDZ2G4/rVTOrq9V+icbbadjbVxxeFeDsNHv2SrZeWoA+6ZiTyWYWtScEIW07EAcA==",
      "dependencies": [
        "@babel/compat-data",
        "@babel/helper-validator-option",
        "browserslist",
        "lru-cache",
        "semver"
      ]
    },
    "@babel/helper-create-class-features-plugin@7.27.0_@babel+core@7.26.10": {
      "integrity": "sha512-vSGCvMecvFCd/BdpGlhpXYNhhC4ccxyvQWpbGL4CWbvfEoLFWUZuSuf7s9Aw70flgQF+6vptvgK2IfOnKlRmBg==",
      "dependencies": [
        "@babel/core",
        "@babel/helper-annotate-as-pure",
        "@babel/helper-member-expression-to-functions",
        "@babel/helper-optimise-call-expression",
        "@babel/helper-replace-supers",
        "@babel/helper-skip-transparent-expression-wrappers",
        "@babel/traverse",
        "semver"
      ]
    },
    "@babel/helper-member-expression-to-functions@7.25.9": {
      "integrity": "sha512-wbfdZ9w5vk0C0oyHqAJbc62+vet5prjj01jjJ8sKn3j9h3MQQlflEdXYvuqRWjHnM12coDEqiC1IRCi0U/EKwQ==",
      "dependencies": [
        "@babel/traverse",
        "@babel/types"
      ]
    },
    "@babel/helper-module-imports@7.18.6": {
      "integrity": "sha512-0NFvs3VkuSYbFi1x2Vd6tKrywq+z/cLeYC/RJNFrIX/30Bf5aiGYbtvGXolEktzJH8o5E5KJ3tT+nkxuuZFVlA==",
      "dependencies": [
        "@babel/types"
      ]
    },
    "@babel/helper-module-imports@7.25.9": {
      "integrity": "sha512-tnUA4RsrmflIM6W6RFTLFSXITtl0wKjgpnLgXyowocVPrbYrLUXSBXDgTs8BlbmIzIdlBySRQjINYs2BAkiLtw==",
      "dependencies": [
        "@babel/traverse",
        "@babel/types"
      ]
    },
    "@babel/helper-module-transforms@7.26.0_@babel+core@7.26.10": {
      "integrity": "sha512-xO+xu6B5K2czEnQye6BHA7DolFFmS3LB7stHZFaOLb1pAwO1HWLS8fXA+eh0A2yIvltPVmx3eNNDBJA2SLHXFw==",
      "dependencies": [
        "@babel/core",
        "@babel/helper-module-imports@7.25.9",
        "@babel/helper-validator-identifier",
        "@babel/traverse"
      ]
    },
    "@babel/helper-optimise-call-expression@7.25.9": {
      "integrity": "sha512-FIpuNaz5ow8VyrYcnXQTDRGvV6tTjkNtCK/RYNDXGSLlUD6cBuQTSw43CShGxjvfBTfcUA/r6UhUCbtYqkhcuQ==",
      "dependencies": [
        "@babel/types"
      ]
    },
    "@babel/helper-plugin-utils@7.26.5": {
      "integrity": "sha512-RS+jZcRdZdRFzMyr+wcsaqOmld1/EqTghfaBGQQd/WnRdzdlvSZ//kF7U8VQTxf1ynZ4cjUcYgjVGx13ewNPMg=="
    },
    "@babel/helper-replace-supers@7.26.5_@babel+core@7.26.10": {
      "integrity": "sha512-bJ6iIVdYX1YooY2X7w1q6VITt+LnUILtNk7zT78ykuwStx8BauCzxvFqFaHjOpW1bVnSUM1PN1f0p5P21wHxvg==",
      "dependencies": [
        "@babel/core",
        "@babel/helper-member-expression-to-functions",
        "@babel/helper-optimise-call-expression",
        "@babel/traverse"
      ]
    },
    "@babel/helper-skip-transparent-expression-wrappers@7.25.9": {
      "integrity": "sha512-K4Du3BFa3gvyhzgPcntrkDgZzQaq6uozzcpGbOO1OEJaI+EJdqWIMTLgFgQf6lrfiDFo5FU+BxKepI9RmZqahA==",
      "dependencies": [
        "@babel/traverse",
        "@babel/types"
      ]
    },
    "@babel/helper-string-parser@7.25.9": {
      "integrity": "sha512-4A/SCr/2KLd5jrtOMFzaKjVtAei3+2r/NChoBNoZ3EyP/+GlhoaEGoWOZUmFmoITP7zOJyHIMm+DYRd8o3PvHA=="
    },
    "@babel/helper-validator-identifier@7.25.9": {
      "integrity": "sha512-Ed61U6XJc3CVRfkERJWDz4dJwKe7iLmmJsbOGu9wSloNSFttHV0I8g6UAgb7qnK5ly5bGLPd4oXZlxCdANBOWQ=="
    },
    "@babel/helper-validator-option@7.25.9": {
      "integrity": "sha512-e/zv1co8pp55dNdEcCynfj9X7nyUKUXoUEwfXqaZt0omVOmDe9oOTdKStH4GmAw6zxMFs50ZayuMfHDKlO7Tfw=="
    },
    "@babel/helpers@7.27.0": {
      "integrity": "sha512-U5eyP/CTFPuNE3qk+WZMxFkp/4zUzdceQlfzf7DdGdhp+Fezd7HD+i8Y24ZuTMKX3wQBld449jijbGq6OdGNQg==",
      "dependencies": [
        "@babel/template",
        "@babel/types"
      ]
    },
    "@babel/parser@7.27.0": {
      "integrity": "sha512-iaepho73/2Pz7w2eMS0Q5f83+0RKI7i4xmiYeBmDzfRVbQtTOG7Ts0S4HzJVsTMGI9keU8rNfuZr8DKfSt7Yyg==",
      "dependencies": [
        "@babel/types"
      ]
    },
    "@babel/plugin-syntax-jsx@7.25.9_@babel+core@7.26.10": {
      "integrity": "sha512-ld6oezHQMZsZfp6pWtbjaNDF2tiiCYYDqQszHt5VV437lewP9aSi2Of99CK0D0XB21k7FLgnLcmQKyKzynfeAA==",
      "dependencies": [
        "@babel/core",
        "@babel/helper-plugin-utils"
      ]
    },
    "@babel/plugin-syntax-typescript@7.25.9_@babel+core@7.26.10": {
      "integrity": "sha512-hjMgRy5hb8uJJjUcdWunWVcoi9bGpJp8p5Ol1229PoN6aytsLwNMgmdftO23wnCLMfVmTwZDWMPNq/D1SY60JQ==",
      "dependencies": [
        "@babel/core",
        "@babel/helper-plugin-utils"
      ]
    },
    "@babel/plugin-transform-modules-commonjs@7.26.3_@babel+core@7.26.10": {
      "integrity": "sha512-MgR55l4q9KddUDITEzEFYn5ZsGDXMSsU9E+kh7fjRXTIC3RHqfCo8RPRbyReYJh44HQ/yomFkqbOFohXvDCiIQ==",
      "dependencies": [
        "@babel/core",
        "@babel/helper-module-transforms",
        "@babel/helper-plugin-utils"
      ]
    },
    "@babel/plugin-transform-typescript@7.27.0_@babel+core@7.26.10": {
      "integrity": "sha512-fRGGjO2UEGPjvEcyAZXRXAS8AfdaQoq7HnxAbJoAoW10B9xOKesmmndJv+Sym2a+9FHWZ9KbyyLCe9s0Sn5jtg==",
      "dependencies": [
        "@babel/core",
        "@babel/helper-annotate-as-pure",
        "@babel/helper-create-class-features-plugin",
        "@babel/helper-plugin-utils",
        "@babel/helper-skip-transparent-expression-wrappers",
        "@babel/plugin-syntax-typescript"
      ]
    },
    "@babel/preset-typescript@7.27.0_@babel+core@7.26.10": {
      "integrity": "sha512-vxaPFfJtHhgeOVXRKuHpHPAOgymmy8V8I65T1q53R7GCZlefKeCaTyDs3zOPHTTbmquvNlQYC5klEvWsBAtrBQ==",
      "dependencies": [
        "@babel/core",
        "@babel/helper-plugin-utils",
        "@babel/helper-validator-option",
        "@babel/plugin-syntax-jsx",
        "@babel/plugin-transform-modules-commonjs",
        "@babel/plugin-transform-typescript"
      ]
    },
    "@babel/template@7.27.0": {
      "integrity": "sha512-2ncevenBqXI6qRMukPlXwHKHchC7RyMuu4xv5JBXRfOGVcTy1mXCD12qrp7Jsoxll1EV3+9sE4GugBVRjT2jFA==",
      "dependencies": [
        "@babel/code-frame",
        "@babel/parser",
        "@babel/types"
      ]
    },
    "@babel/traverse@7.27.0": {
      "integrity": "sha512-19lYZFzYVQkkHkl4Cy4WrAVcqBkgvV2YM2TU3xG6DIwO7O3ecbDPfW3yM3bjAGcqcQHi+CCtjMR3dIEHxsd6bA==",
      "dependencies": [
        "@babel/code-frame",
        "@babel/generator",
        "@babel/parser",
        "@babel/template",
        "@babel/types",
        "debug",
        "globals"
      ]
    },
    "@babel/types@7.27.0": {
      "integrity": "sha512-H45s8fVLYjbhFH62dIJ3WtmJ6RSPt/3DRO0ZcT2SUiYiQyz3BLVb9ADEnLl91m74aQPS3AzzeajZHYOalWe3bg==",
      "dependencies": [
        "@babel/helper-string-parser",
        "@babel/helper-validator-identifier"
      ]
    },
    "@esbuild/aix-ppc64@0.20.2": {
      "integrity": "sha512-D+EBOJHXdNZcLJRBkhENNG8Wji2kgc9AZ9KiPr1JuZjsNtyHzrsfLRrY0tk2H2aoFu6RANO1y1iPPUCDYWkb5g=="
    },
    "@esbuild/aix-ppc64@0.24.2": {
      "integrity": "sha512-thpVCb/rhxE/BnMLQ7GReQLLN8q9qbHmI55F4489/ByVg2aQaQ6kbcLb6FHkocZzQhxc4gx0sCk0tJkKBFzDhA=="
    },
    "@esbuild/android-arm64@0.20.2": {
      "integrity": "sha512-mRzjLacRtl/tWU0SvD8lUEwb61yP9cqQo6noDZP/O8VkwafSYwZ4yWy24kan8jE/IMERpYncRt2dw438LP3Xmg=="
    },
    "@esbuild/android-arm64@0.24.2": {
      "integrity": "sha512-cNLgeqCqV8WxfcTIOeL4OAtSmL8JjcN6m09XIgro1Wi7cF4t/THaWEa7eL5CMoMBdjoHOTh/vwTO/o2TRXIyzg=="
    },
    "@esbuild/android-arm@0.20.2": {
      "integrity": "sha512-t98Ra6pw2VaDhqNWO2Oph2LXbz/EJcnLmKLGBJwEwXX/JAN83Fym1rU8l0JUWK6HkIbWONCSSatf4sf2NBRx/w=="
    },
    "@esbuild/android-arm@0.24.2": {
      "integrity": "sha512-tmwl4hJkCfNHwFB3nBa8z1Uy3ypZpxqxfTQOcHX+xRByyYgunVbZ9MzUUfb0RxaHIMnbHagwAxuTL+tnNM+1/Q=="
    },
    "@esbuild/android-x64@0.20.2": {
      "integrity": "sha512-btzExgV+/lMGDDa194CcUQm53ncxzeBrWJcncOBxuC6ndBkKxnHdFJn86mCIgTELsooUmwUm9FkhSp5HYu00Rg=="
    },
    "@esbuild/android-x64@0.24.2": {
      "integrity": "sha512-B6Q0YQDqMx9D7rvIcsXfmJfvUYLoP722bgfBlO5cGvNVb5V/+Y7nhBE3mHV9OpxBf4eAS2S68KZztiPaWq4XYw=="
    },
    "@esbuild/darwin-arm64@0.20.2": {
      "integrity": "sha512-4J6IRT+10J3aJH3l1yzEg9y3wkTDgDk7TSDFX+wKFiWjqWp/iCfLIYzGyasx9l0SAFPT1HwSCR+0w/h1ES/MjA=="
    },
    "@esbuild/darwin-arm64@0.24.2": {
      "integrity": "sha512-kj3AnYWc+CekmZnS5IPu9D+HWtUI49hbnyqk0FLEJDbzCIQt7hg7ucF1SQAilhtYpIujfaHr6O0UHlzzSPdOeA=="
    },
    "@esbuild/darwin-x64@0.20.2": {
      "integrity": "sha512-tBcXp9KNphnNH0dfhv8KYkZhjc+H3XBkF5DKtswJblV7KlT9EI2+jeA8DgBjp908WEuYll6pF+UStUCfEpdysA=="
    },
    "@esbuild/darwin-x64@0.24.2": {
      "integrity": "sha512-WeSrmwwHaPkNR5H3yYfowhZcbriGqooyu3zI/3GGpF8AyUdsrrP0X6KumITGA9WOyiJavnGZUwPGvxvwfWPHIA=="
    },
    "@esbuild/freebsd-arm64@0.20.2": {
      "integrity": "sha512-d3qI41G4SuLiCGCFGUrKsSeTXyWG6yem1KcGZVS+3FYlYhtNoNgYrWcvkOoaqMhwXSMrZRl69ArHsGJ9mYdbbw=="
    },
    "@esbuild/freebsd-arm64@0.24.2": {
      "integrity": "sha512-UN8HXjtJ0k/Mj6a9+5u6+2eZ2ERD7Edt1Q9IZiB5UZAIdPnVKDoG7mdTVGhHJIeEml60JteamR3qhsr1r8gXvg=="
    },
    "@esbuild/freebsd-x64@0.20.2": {
      "integrity": "sha512-d+DipyvHRuqEeM5zDivKV1KuXn9WeRX6vqSqIDgwIfPQtwMP4jaDsQsDncjTDDsExT4lR/91OLjRo8bmC1e+Cw=="
    },
    "@esbuild/freebsd-x64@0.24.2": {
      "integrity": "sha512-TvW7wE/89PYW+IevEJXZ5sF6gJRDY/14hyIGFXdIucxCsbRmLUcjseQu1SyTko+2idmCw94TgyaEZi9HUSOe3Q=="
    },
    "@esbuild/linux-arm64@0.20.2": {
      "integrity": "sha512-9pb6rBjGvTFNira2FLIWqDk/uaf42sSyLE8j1rnUpuzsODBq7FvpwHYZxQ/It/8b+QOS1RYfqgGFNLRI+qlq2A=="
    },
    "@esbuild/linux-arm64@0.24.2": {
      "integrity": "sha512-7HnAD6074BW43YvvUmE/35Id9/NB7BeX5EoNkK9obndmZBUk8xmJJeU7DwmUeN7tkysslb2eSl6CTrYz6oEMQg=="
    },
    "@esbuild/linux-arm@0.20.2": {
      "integrity": "sha512-VhLPeR8HTMPccbuWWcEUD1Az68TqaTYyj6nfE4QByZIQEQVWBB8vup8PpR7y1QHL3CpcF6xd5WVBU/+SBEvGTg=="
    },
    "@esbuild/linux-arm@0.24.2": {
      "integrity": "sha512-n0WRM/gWIdU29J57hJyUdIsk0WarGd6To0s+Y+LwvlC55wt+GT/OgkwoXCXvIue1i1sSNWblHEig00GBWiJgfA=="
    },
    "@esbuild/linux-ia32@0.20.2": {
      "integrity": "sha512-o10utieEkNPFDZFQm9CoP7Tvb33UutoJqg3qKf1PWVeeJhJw0Q347PxMvBgVVFgouYLGIhFYG0UGdBumROyiig=="
    },
    "@esbuild/linux-ia32@0.24.2": {
      "integrity": "sha512-sfv0tGPQhcZOgTKO3oBE9xpHuUqguHvSo4jl+wjnKwFpapx+vUDcawbwPNuBIAYdRAvIDBfZVvXprIj3HA+Ugw=="
    },
    "@esbuild/linux-loong64@0.20.2": {
      "integrity": "sha512-PR7sp6R/UC4CFVomVINKJ80pMFlfDfMQMYynX7t1tNTeivQ6XdX5r2XovMmha/VjR1YN/HgHWsVcTRIMkymrgQ=="
    },
    "@esbuild/linux-loong64@0.24.2": {
      "integrity": "sha512-CN9AZr8kEndGooS35ntToZLTQLHEjtVB5n7dl8ZcTZMonJ7CCfStrYhrzF97eAecqVbVJ7APOEe18RPI4KLhwQ=="
    },
    "@esbuild/linux-mips64el@0.20.2": {
      "integrity": "sha512-4BlTqeutE/KnOiTG5Y6Sb/Hw6hsBOZapOVF6njAESHInhlQAghVVZL1ZpIctBOoTFbQyGW+LsVYZ8lSSB3wkjA=="
    },
    "@esbuild/linux-mips64el@0.24.2": {
      "integrity": "sha512-iMkk7qr/wl3exJATwkISxI7kTcmHKE+BlymIAbHO8xanq/TjHaaVThFF6ipWzPHryoFsesNQJPE/3wFJw4+huw=="
    },
    "@esbuild/linux-ppc64@0.20.2": {
      "integrity": "sha512-rD3KsaDprDcfajSKdn25ooz5J5/fWBylaaXkuotBDGnMnDP1Uv5DLAN/45qfnf3JDYyJv/ytGHQaziHUdyzaAg=="
    },
    "@esbuild/linux-ppc64@0.24.2": {
      "integrity": "sha512-shsVrgCZ57Vr2L8mm39kO5PPIb+843FStGt7sGGoqiiWYconSxwTiuswC1VJZLCjNiMLAMh34jg4VSEQb+iEbw=="
    },
    "@esbuild/linux-riscv64@0.20.2": {
      "integrity": "sha512-snwmBKacKmwTMmhLlz/3aH1Q9T8v45bKYGE3j26TsaOVtjIag4wLfWSiZykXzXuE1kbCE+zJRmwp+ZbIHinnVg=="
    },
    "@esbuild/linux-riscv64@0.24.2": {
      "integrity": "sha512-4eSFWnU9Hhd68fW16GD0TINewo1L6dRrB+oLNNbYyMUAeOD2yCK5KXGK1GH4qD/kT+bTEXjsyTCiJGHPZ3eM9Q=="
    },
    "@esbuild/linux-s390x@0.20.2": {
      "integrity": "sha512-wcWISOobRWNm3cezm5HOZcYz1sKoHLd8VL1dl309DiixxVFoFe/o8HnwuIwn6sXre88Nwj+VwZUvJf4AFxkyrQ=="
    },
    "@esbuild/linux-s390x@0.24.2": {
      "integrity": "sha512-S0Bh0A53b0YHL2XEXC20bHLuGMOhFDO6GN4b3YjRLK//Ep3ql3erpNcPlEFed93hsQAjAQDNsvcK+hV90FubSw=="
    },
    "@esbuild/linux-x64@0.20.2": {
      "integrity": "sha512-1MdwI6OOTsfQfek8sLwgyjOXAu+wKhLEoaOLTjbijk6E2WONYpH9ZU2mNtR+lZ2B4uwr+usqGuVfFT9tMtGvGw=="
    },
    "@esbuild/linux-x64@0.24.2": {
      "integrity": "sha512-8Qi4nQcCTbLnK9WoMjdC9NiTG6/E38RNICU6sUNqK0QFxCYgoARqVqxdFmWkdonVsvGqWhmm7MO0jyTqLqwj0Q=="
    },
    "@esbuild/netbsd-arm64@0.24.2": {
      "integrity": "sha512-wuLK/VztRRpMt9zyHSazyCVdCXlpHkKm34WUyinD2lzK07FAHTq0KQvZZlXikNWkDGoT6x3TD51jKQ7gMVpopw=="
    },
    "@esbuild/netbsd-x64@0.20.2": {
      "integrity": "sha512-K8/DhBxcVQkzYc43yJXDSyjlFeHQJBiowJ0uVL6Tor3jGQfSGHNNJcWxNbOI8v5k82prYqzPuwkzHt3J1T1iZQ=="
    },
    "@esbuild/netbsd-x64@0.24.2": {
      "integrity": "sha512-VefFaQUc4FMmJuAxmIHgUmfNiLXY438XrL4GDNV1Y1H/RW3qow68xTwjZKfj/+Plp9NANmzbH5R40Meudu8mmw=="
    },
    "@esbuild/openbsd-arm64@0.24.2": {
      "integrity": "sha512-YQbi46SBct6iKnszhSvdluqDmxCJA+Pu280Av9WICNwQmMxV7nLRHZfjQzwbPs3jeWnuAhE9Jy0NrnJ12Oz+0A=="
    },
    "@esbuild/openbsd-x64@0.20.2": {
      "integrity": "sha512-eMpKlV0SThJmmJgiVyN9jTPJ2VBPquf6Kt/nAoo6DgHAoN57K15ZghiHaMvqjCye/uU4X5u3YSMgVBI1h3vKrQ=="
    },
    "@esbuild/openbsd-x64@0.24.2": {
      "integrity": "sha512-+iDS6zpNM6EnJyWv0bMGLWSWeXGN/HTaF/LXHXHwejGsVi+ooqDfMCCTerNFxEkM3wYVcExkeGXNqshc9iMaOA=="
    },
    "@esbuild/sunos-x64@0.20.2": {
      "integrity": "sha512-2UyFtRC6cXLyejf/YEld4Hajo7UHILetzE1vsRcGL3earZEW77JxrFjH4Ez2qaTiEfMgAXxfAZCm1fvM/G/o8w=="
    },
    "@esbuild/sunos-x64@0.24.2": {
      "integrity": "sha512-hTdsW27jcktEvpwNHJU4ZwWFGkz2zRJUz8pvddmXPtXDzVKTTINmlmga3ZzwcuMpUvLw7JkLy9QLKyGpD2Yxig=="
    },
    "@esbuild/win32-arm64@0.20.2": {
      "integrity": "sha512-GRibxoawM9ZCnDxnP3usoUDO9vUkpAxIIZ6GQI+IlVmr5kP3zUq+l17xELTHMWTWzjxa2guPNyrpq1GWmPvcGQ=="
    },
    "@esbuild/win32-arm64@0.24.2": {
      "integrity": "sha512-LihEQ2BBKVFLOC9ZItT9iFprsE9tqjDjnbulhHoFxYQtQfai7qfluVODIYxt1PgdoyQkz23+01rzwNwYfutxUQ=="
    },
    "@esbuild/win32-ia32@0.20.2": {
      "integrity": "sha512-HfLOfn9YWmkSKRQqovpnITazdtquEW8/SoHW7pWpuEeguaZI4QnCRW6b+oZTztdBnZOS2hqJ6im/D5cPzBTTlQ=="
    },
    "@esbuild/win32-ia32@0.24.2": {
      "integrity": "sha512-q+iGUwfs8tncmFC9pcnD5IvRHAzmbwQ3GPS5/ceCyHdjXubwQWI12MKWSNSMYLJMq23/IUCvJMS76PDqXe1fxA=="
    },
    "@esbuild/win32-x64@0.20.2": {
      "integrity": "sha512-N49X4lJX27+l9jbLKSqZ6bKNjzQvHaT8IIFUy+YIqmXQdjYCToGWwOItDrfby14c78aDd5NHQl29xingXfCdLQ=="
    },
    "@esbuild/win32-x64@0.24.2": {
      "integrity": "sha512-7VTgWzgMGvup6aSqDPLiW5zHaxYJGTO4OokMjIlrCtf+VpEL+cXKtCvg723iguPYI5oaUNdS+/V7OU2gvXVWEg=="
    },
    "@jridgewell/gen-mapping@0.3.8": {
      "integrity": "sha512-imAbBGkb+ebQyxKgzv5Hu2nmROxoDOXHh80evxdoXNOrvAnVx7zimzc1Oo5h9RlfV4vPXaE2iM5pOFbvOCClWA==",
      "dependencies": [
        "@jridgewell/set-array",
        "@jridgewell/sourcemap-codec",
        "@jridgewell/trace-mapping"
      ]
    },
    "@jridgewell/resolve-uri@3.1.2": {
      "integrity": "sha512-bRISgCIjP20/tbWSPWMEi54QVPRZExkuD9lJL+UIxUKtwVJA8wW1Trb1jMs1RFXo1CBTNZ/5hpC9QvmKWdopKw=="
    },
    "@jridgewell/set-array@1.2.1": {
      "integrity": "sha512-R8gLRTZeyp03ymzP/6Lil/28tGeGEzhx1q2k703KGWRAI1VdvPIXdG70VJc2pAMw3NA6JKL5hhFu1sJX0Mnn/A=="
    },
    "@jridgewell/sourcemap-codec@1.5.0": {
      "integrity": "sha512-gv3ZRaISU3fjPAgNsriBRqGWQL6quFx04YMPW/zD8XMLsU32mhCCbfbO6KZFLjvYpCZ8zyDEgqsgf+PwPaM7GQ=="
    },
    "@jridgewell/trace-mapping@0.3.25": {
      "integrity": "sha512-vNk6aEwybGtawWmy/PzwnGDOjCkLWSD2wqvjGGAgOAwCGWySYXfYoxt00IJkTF+8Lb57DwOb3Aa0o9CApepiYQ==",
      "dependencies": [
        "@jridgewell/resolve-uri",
        "@jridgewell/sourcemap-codec"
      ]
    },
    "@types/node@22.10.2": {
      "integrity": "sha512-Xxr6BBRCAOQixvonOye19wnzyDiUtTeqldOOmj3CkeblonbccA12PFwlufvRdrpjXxqnmUaeiU5EOA+7s5diUQ==",
      "dependencies": [
        "undici-types"
      ]
    },
    "babel-plugin-jsx-dom-expressions@0.39.7_@babel+core@7.26.10": {
      "integrity": "sha512-8GzVmFla7jaTNWW8W+lTMl9YGva4/06CtwJjySnkYtt8G1v9weCzc2SuF1DfrudcCNb2Doetc1FRg33swBYZCA==",
      "dependencies": [
        "@babel/core",
        "@babel/helper-module-imports@7.18.6",
        "@babel/plugin-syntax-jsx",
        "@babel/types",
        "html-entities",
        "parse5",
        "validate-html-nesting"
      ]
    },
    "babel-preset-solid@1.9.5_@babel+core@7.26.10": {
      "integrity": "sha512-85I3osODJ1LvZbv8wFozROV1vXq32BubqHXAGu73A//TRs3NLI1OFP83AQBUTSQHwgZQmARjHlJciym3we+V+w==",
      "dependencies": [
        "@babel/core",
        "babel-plugin-jsx-dom-expressions"
      ]
    },
    "browserslist@4.24.4": {
      "integrity": "sha512-KDi1Ny1gSePi1vm0q4oxSF8b4DR44GF4BbmS2YdhPLOEqd8pDviZOGH/GsmRwoWJ2+5Lr085X7naowMwKHDG1A==",
      "dependencies": [
        "caniuse-lite",
        "electron-to-chromium",
        "node-releases",
        "update-browserslist-db"
      ]
    },
    "caniuse-lite@1.0.30001709": {
      "integrity": "sha512-NgL3vUTnDrPCZ3zTahp4fsugQ4dc7EKTSzwQDPEel6DMoMnfH2jhry9n2Zm8onbSR+f/QtKHFOA+iAQu4kbtWA=="
    },
    "convert-source-map@2.0.0": {
      "integrity": "sha512-Kvp459HrV2FEJ1CAsi1Ku+MY3kasH19TFykTz2xWmMeq6bk2NU3XXvfJ+Q61m0xktWwt+1HSYf3JZsTms3aRJg=="
    },
    "csstype@3.1.3": {
      "integrity": "sha512-M1uQkMl8rQK/szD0LNhtqxIPLpimGm8sOBwU7lLnCpSbTyY3yeU1Vc7l4KT5zT4s/yOxHH5O7tIuuLOCnLADRw=="
    },
    "debug@4.4.0": {
      "integrity": "sha512-6WTZ/IxCY/T6BALoZHaE4ctp9xm+Z5kY/pzYaCHRFeyVhojxlrm+46y68HA6hr0TcwEssoxNiDEUJQjfPZ/RYA==",
      "dependencies": [
        "ms"
      ]
    },
    "electron-to-chromium@1.5.130": {
      "integrity": "sha512-Ou2u7L9j2XLZbhqzyX0jWDj6gA8D3jIfVzt4rikLf3cGBa0VdReuFimBKS9tQJA4+XpeCxj1NoWlfBXzbMa9IA=="
    },
    "entities@4.5.0": {
      "integrity": "sha512-V0hjH4dGPh9Ao5p0MoRY6BVqtwCjhz6vI5LT8AJ55H+4g9/4vbHx1I54fS0XuclLhDHArPQCiMjDxjaL8fPxhw=="
    },
    "esbuild-plugin-solid@0.6.0_esbuild@0.20.2_solid-js@1.8.15__seroval@1.2.1_@babel+core@7.26.10": {
      "integrity": "sha512-V1FvDALwLDX6K0XNYM9CMRAnMzA0+Ecu55qBUT9q/eAJh1KIDsTMFoOzMSgyHqbOfvrVfO3Mws3z7TW2GVnIZA==",
      "dependencies": [
        "@babel/core",
        "@babel/preset-typescript",
        "babel-preset-solid",
        "esbuild@0.20.2",
        "solid-js@1.8.15_seroval@1.2.1"
      ]
    },
    "esbuild@0.20.2": {
      "integrity": "sha512-WdOOppmUNU+IbZ0PaDiTst80zjnrOkyJNHoKupIcVyU8Lvla3Ugx94VzkQ32Ijqd7UhHJy75gNWDMUekcrSJ6g==",
      "dependencies": [
        "@esbuild/aix-ppc64@0.20.2",
        "@esbuild/android-arm@0.20.2",
        "@esbuild/android-arm64@0.20.2",
        "@esbuild/android-x64@0.20.2",
        "@esbuild/darwin-arm64@0.20.2",
        "@esbuild/darwin-x64@0.20.2",
        "@esbuild/freebsd-arm64@0.20.2",
        "@esbuild/freebsd-x64@0.20.2",
        "@esbuild/linux-arm@0.20.2",
        "@esbuild/linux-arm64@0.20.2",
        "@esbuild/linux-ia32@0.20.2",
        "@esbuild/linux-loong64@0.20.2",
        "@esbuild/linux-mips64el@0.20.2",
        "@esbuild/linux-ppc64@0.20.2",
        "@esbuild/linux-riscv64@0.20.2",
        "@esbuild/linux-s390x@0.20.2",
        "@esbuild/linux-x64@0.20.2",
        "@esbuild/netbsd-x64@0.20.2",
        "@esbuild/openbsd-x64@0.20.2",
        "@esbuild/sunos-x64@0.20.2",
        "@esbuild/win32-arm64@0.20.2",
        "@esbuild/win32-ia32@0.20.2",
        "@esbuild/win32-x64@0.20.2"
      ]
    },
    "esbuild@0.24.2": {
      "integrity": "sha512-+9egpBW8I3CD5XPe0n6BfT5fxLzxrlDzqydF3aviG+9ni1lDC/OvMHcxqEFV0+LANZG5R1bFMWfUrjVsdwxJvA==",
      "dependencies": [
        "@esbuild/aix-ppc64@0.24.2",
        "@esbuild/android-arm@0.24.2",
        "@esbuild/android-arm64@0.24.2",
        "@esbuild/android-x64@0.24.2",
        "@esbuild/darwin-arm64@0.24.2",
        "@esbuild/darwin-x64@0.24.2",
        "@esbuild/freebsd-arm64@0.24.2",
        "@esbuild/freebsd-x64@0.24.2",
        "@esbuild/linux-arm@0.24.2",
        "@esbuild/linux-arm64@0.24.2",
        "@esbuild/linux-ia32@0.24.2",
        "@esbuild/linux-loong64@0.24.2",
        "@esbuild/linux-mips64el@0.24.2",
        "@esbuild/linux-ppc64@0.24.2",
        "@esbuild/linux-riscv64@0.24.2",
        "@esbuild/linux-s390x@0.24.2",
        "@esbuild/linux-x64@0.24.2",
        "@esbuild/netbsd-arm64",
        "@esbuild/netbsd-x64@0.24.2",
        "@esbuild/openbsd-arm64",
        "@esbuild/openbsd-x64@0.24.2",
        "@esbuild/sunos-x64@0.24.2",
        "@esbuild/win32-arm64@0.24.2",
        "@esbuild/win32-ia32@0.24.2",
        "@esbuild/win32-x64@0.24.2"
      ]
    },
    "escalade@3.2.0": {
      "integrity": "sha512-WUj2qlxaQtO4g6Pq5c29GTcWGDyd8itL8zTlipgECz3JesAiiOKotd8JU6otB3PACgG6xkJUyVhboMS+bje/jA=="
    },
    "gensync@1.0.0-beta.2": {
      "integrity": "sha512-3hN7NaskYvMDLQY55gnW3NQ+mesEAepTqlg+VEbj7zzqEMBVNhzcGYYeqFo/TlYz6eQiFcp1HcsCZO+nGgS8zg=="
    },
    "globals@11.12.0": {
      "integrity": "sha512-WOBp/EEGUiIsJSp7wcv/y6MO+lV9UoncWqxuFfm8eBwzWNgyfBd6Gz+IeKQ9jCmyhoH99g15M3T+QaVHFjizVA=="
    },
    "html-entities@2.3.3": {
      "integrity": "sha512-DV5Ln36z34NNTDgnz0EWGBLZENelNAtkiFA4kyNOG2tDI6Mz1uSWiq1wAKdyjnJwyDiDO7Fa2SO1CTxPXL8VxA=="
    },
    "js-tokens@4.0.0": {
      "integrity": "sha512-RdJUflcE3cUzKiMqQgsCu06FPu9UdIJO0beYbPhHN4k6apgJtifcoCtT9bcxOpYBtpD2kCM6Sbzg4CausW/PKQ=="
    },
    "jsesc@3.1.0": {
      "integrity": "sha512-/sM3dO2FOzXjKQhJuo0Q173wf2KOo8t4I8vHy6lF9poUp7bKT0/NHE8fPX23PwfhnykfqnC2xRxOnVw5XuGIaA=="
    },
    "json5@2.2.3": {
      "integrity": "sha512-XmOWe7eyHYH14cLdVPoyg+GOH3rYX++KpzrylJwSW98t3Nk+U8XOl8FWKOgwtzdb8lXGf6zYwDUzeHMWfxasyg=="
    },
    "lru-cache@5.1.1": {
      "integrity": "sha512-KpNARQA3Iwv+jTA0utUVVbrh+Jlrr1Fv0e56GGzAFOXN7dk/FviaDW8LHmK52DlcH4WP2n6gI8vN1aesBFgo9w==",
      "dependencies": [
        "yallist"
      ]
    },
    "ms@2.1.3": {
      "integrity": "sha512-6FlzubTLZG3J2a/NVCAleEhjzq5oxgHyaCU9yYXvcLsvoVaHJq/s5xXI6/XXP6tz7R9xAOtHnSO/tXtF3WRTlA=="
    },
    "node-releases@2.0.19": {
      "integrity": "sha512-xxOWJsBKtzAq7DY0J+DTzuz58K8e7sJbdgwkbMWQe8UYB6ekmsQ45q0M/tJDsGaZmbC+l7n57UV8Hl5tHxO9uw=="
    },
    "parse5@7.2.1": {
      "integrity": "sha512-BuBYQYlv1ckiPdQi/ohiivi9Sagc9JG+Ozs0r7b/0iK3sKmrb0b9FdWdBbOdx6hBCM/F9Ir82ofnBhtZOjCRPQ==",
      "dependencies": [
        "entities"
      ]
    },
    "picocolors@1.1.1": {
      "integrity": "sha512-xceH2snhtb5M9liqDsmEw56le376mTZkEX/jEb/RxNFyegNul7eNslCXP9FDj/Lcu0X8KEyMceP2ntpaHrDEVA=="
    },
    "semver@6.3.1": {
      "integrity": "sha512-BR7VvDCVHO+q2xBEWskxS6DJE1qRnb7DxzUrogb71CWoSficBxYsiAGd+Kl0mmq/MprG9yArRkyrQxTO6XjMzA=="
    },
    "seroval-plugins@1.2.1_seroval@1.2.1": {
      "integrity": "sha512-H5vs53+39+x4Udwp4J5rNZfgFuA+Lt+uU+09w1gYBVWomtAl98B+E9w7yC05Xc81/HgLvJdlyqJbU0fJCKCmdw==",
      "dependencies": [
        "seroval"
      ]
    },
    "seroval@1.2.1": {
      "integrity": "sha512-yBxFFs3zmkvKNmR0pFSU//rIsYjuX418TnlDmc2weaq5XFDqDIV/NOMPBoLrbxjLH42p4UzRuXHryXh9dYcKcw=="
    },
    "solid-js@1.8.15_seroval@1.2.1": {
      "integrity": "sha512-d0QP/efr3UVcwGgWVPveQQ0IHOH6iU7yUhc2piy8arNG8wxKmvUy1kFxyF8owpmfCWGB87usDKMaVnsNYZm+Vw==",
      "dependencies": [
        "csstype",
        "seroval",
        "seroval-plugins"
      ]
    },
    "solid-js@1.9.5_seroval@1.2.1": {
      "integrity": "sha512-ogI3DaFcyn6UhYhrgcyRAMbu/buBJitYQASZz5WzfQVPP10RD2AbCoRZ517psnezrasyCbWzIxZ6kVqet768xw==",
      "dependencies": [
        "csstype",
        "seroval",
        "seroval-plugins"
      ]
    },
    "undici-types@6.20.0": {
      "integrity": "sha512-Ny6QZ2Nju20vw1SRHe3d9jVu6gJ+4e3+MMpqu7pqE5HT6WsTSlce++GQmK5UXS8mzV8DSYHrQH+Xrf2jVcuKNg=="
    },
    "update-browserslist-db@1.1.3_browserslist@4.24.4": {
      "integrity": "sha512-UxhIZQ+QInVdunkDAaiazvvT/+fXL5Osr0JZlJulepYu6Jd7qJtDZjlur0emRlT71EN3ScPoE7gvsuIKKNavKw==",
      "dependencies": [
        "browserslist",
        "escalade",
        "picocolors"
      ]
    },
    "validate-html-nesting@1.2.2": {
      "integrity": "sha512-hGdgQozCsQJMyfK5urgFcWEqsSSrK63Awe0t/IMR0bZ0QMtnuaiHzThW81guu3qx9abLi99NEuiaN6P9gVYsNg=="
    },
    "yallist@3.1.1": {
      "integrity": "sha512-a4UGQaWPH59mOXUYnAG2ewncQS4i4F43Tv3JoAM+s2VDAmS9NsK8GpDMLrCHPksFT7h3K6TOoUNn2pb7RoXx4g=="
    }
  },
  "remote": {
    "https://deno.land/std@0.223.0/assert/assert.ts": "09d30564c09de846855b7b071e62b5974b001bb72a4b797958fe0660e7849834",
    "https://deno.land/std@0.223.0/assert/assertion_error.ts": "ba8752bd27ebc51f723702fac2f54d3e94447598f54264a6653d6413738a8917",
    "https://deno.land/std@0.223.0/fs/_create_walk_entry.ts": "5d9d2aaec05bcf09a06748b1684224d33eba7a4de24cf4cf5599991ca6b5b412",
    "https://deno.land/std@0.223.0/fs/_get_file_info_type.ts": "da7bec18a7661dba360a1db475b826b18977582ce6fc9b25f3d4ee0403fe8cbd",
    "https://deno.land/std@0.223.0/fs/_is_same_path.ts": "709c95868345fea051c58b9e96af95cff94e6ae98dfcff2b66dee0c212c4221f",
    "https://deno.land/std@0.223.0/fs/_is_subdir.ts": "c68b309d46cc8568ed83c000f608a61bbdba0943b7524e7a30f9e450cf67eecd",
    "https://deno.land/std@0.223.0/fs/_to_path_string.ts": "29bfc9c6c112254961d75cbf6ba814d6de5349767818eb93090cecfa9665591e",
    "https://deno.land/std@0.223.0/fs/copy.ts": "7ab12a16adb65d155d4943c88081ca16ce3b0b5acada64c1ce93800653678039",
    "https://deno.land/std@0.223.0/fs/empty_dir.ts": "e400e96e1d2c8c558a5a1712063bd43939e00619c1d1cc29959babc6f1639418",
    "https://deno.land/std@0.223.0/fs/ensure_dir.ts": "313e8a62b8bb20d900138ff794bde6a6ac0a6bebc91220fba6dfc3303bde56c6",
    "https://deno.land/std@0.223.0/fs/ensure_file.ts": "67608cf550529f3d4aa1f8b6b36bf817bdc40b14487bf8f60e61cbf68f507cf3",
    "https://deno.land/std@0.223.0/fs/ensure_link.ts": "5c98503ebfa9cc05e2f2efaa30e91e60b4dd5b43ebbda82f435c0a5c6e3ffa01",
    "https://deno.land/std@0.223.0/fs/ensure_symlink.ts": "cafe904cebacb9a761977d6dbf5e3af938be946a723bb394080b9a52714fafe4",
    "https://deno.land/std@0.223.0/fs/eol.ts": "18c4ac009d0318504c285879eb7f47942643f13619e0ff070a0edc59353306bd",
    "https://deno.land/std@0.223.0/fs/exists.ts": "3d38cb7dcbca3cf313be343a7b8af18a87bddb4b5ca1bd2314be12d06533b50f",
    "https://deno.land/std@0.223.0/fs/expand_glob.ts": "2e428d90acc6676b2aa7b5c78ef48f30641b13f1fe658e7976c9064fb4b05309",
    "https://deno.land/std@0.223.0/fs/mod.ts": "c25e6802cbf27f3050f60b26b00c2d8dba1cb7fcdafe34c66006a7473b7b34d4",
    "https://deno.land/std@0.223.0/fs/move.ts": "ca205d848908d7f217353bc5c623627b1333490b8b5d3ef4cab600a700c9bd8f",
    "https://deno.land/std@0.223.0/fs/walk.ts": "cddf87d2705c0163bff5d7767291f05b0f46ba10b8b28f227c3849cace08d303",
    "https://deno.land/std@0.223.0/path/_common/assert_path.ts": "dbdd757a465b690b2cc72fc5fb7698c51507dec6bfafce4ca500c46b76ff7bd8",
    "https://deno.land/std@0.223.0/path/_common/basename.ts": "569744855bc8445f3a56087fd2aed56bdad39da971a8d92b138c9913aecc5fa2",
    "https://deno.land/std@0.223.0/path/_common/common.ts": "ef73c2860694775fe8ffcbcdd387f9f97c7a656febf0daa8c73b56f4d8a7bd4c",
    "https://deno.land/std@0.223.0/path/_common/constants.ts": "dc5f8057159f4b48cd304eb3027e42f1148cf4df1fb4240774d3492b5d12ac0c",
    "https://deno.land/std@0.223.0/path/_common/dirname.ts": "684df4aa71a04bbcc346c692c8485594fc8a90b9408dfbc26ff32cf3e0c98cc8",
    "https://deno.land/std@0.223.0/path/_common/format.ts": "92500e91ea5de21c97f5fe91e178bae62af524b72d5fcd246d6d60ae4bcada8b",
    "https://deno.land/std@0.223.0/path/_common/from_file_url.ts": "d672bdeebc11bf80e99bf266f886c70963107bdd31134c4e249eef51133ceccf",
    "https://deno.land/std@0.223.0/path/_common/glob_to_reg_exp.ts": "6cac16d5c2dc23af7d66348a7ce430e5de4e70b0eede074bdbcf4903f4374d8d",
    "https://deno.land/std@0.223.0/path/_common/normalize.ts": "684df4aa71a04bbcc346c692c8485594fc8a90b9408dfbc26ff32cf3e0c98cc8",
    "https://deno.land/std@0.223.0/path/_common/normalize_string.ts": "33edef773c2a8e242761f731adeb2bd6d683e9c69e4e3d0092985bede74f4ac3",
    "https://deno.land/std@0.223.0/path/_common/relative.ts": "faa2753d9b32320ed4ada0733261e3357c186e5705678d9dd08b97527deae607",
    "https://deno.land/std@0.223.0/path/_common/strip_trailing_separators.ts": "7024a93447efcdcfeaa9339a98fa63ef9d53de363f1fbe9858970f1bba02655a",
    "https://deno.land/std@0.223.0/path/_common/to_file_url.ts": "7f76adbc83ece1bba173e6e98a27c647712cab773d3f8cbe0398b74afc817883",
    "https://deno.land/std@0.223.0/path/_interface.ts": "8dfeb930ca4a772c458a8c7bbe1e33216fe91c253411338ad80c5b6fa93ddba0",
    "https://deno.land/std@0.223.0/path/_os.ts": "8fb9b90fb6b753bd8c77cfd8a33c2ff6c5f5bc185f50de8ca4ac6a05710b2c15",
    "https://deno.land/std@0.223.0/path/basename.ts": "7ee495c2d1ee516ffff48fb9a93267ba928b5a3486b550be73071bc14f8cc63e",
    "https://deno.land/std@0.223.0/path/common.ts": "03e52e22882402c986fe97ca3b5bb4263c2aa811c515ce84584b23bac4cc2643",
    "https://deno.land/std@0.223.0/path/constants.ts": "0c206169ca104938ede9da48ac952de288f23343304a1c3cb6ec7625e7325f36",
    "https://deno.land/std@0.223.0/path/dirname.ts": "85bd955bf31d62c9aafdd7ff561c4b5fb587d11a9a5a45e2b01aedffa4238a7c",
    "https://deno.land/std@0.223.0/path/extname.ts": "593303db8ae8c865cbd9ceec6e55d4b9ac5410c1e276bfd3131916591b954441",
    "https://deno.land/std@0.223.0/path/format.ts": "6ce1779b0980296cf2bc20d66436b12792102b831fd281ab9eb08fa8a3e6f6ac",
    "https://deno.land/std@0.223.0/path/from_file_url.ts": "911833ae4fd10a1c84f6271f36151ab785955849117dc48c6e43b929504ee069",
    "https://deno.land/std@0.223.0/path/glob_to_regexp.ts": "7f30f0a21439cadfdae1be1bf370880b415e676097fda584a63ce319053b5972",
    "https://deno.land/std@0.223.0/path/is_absolute.ts": "4791afc8bfd0c87f0526eaa616b0d16e7b3ab6a65b62942e50eac68de4ef67d7",
    "https://deno.land/std@0.223.0/path/is_glob.ts": "a65f6195d3058c3050ab905705891b412ff942a292bcbaa1a807a74439a14141",
    "https://deno.land/std@0.223.0/path/join.ts": "ae2ec5ca44c7e84a235fd532e4a0116bfb1f2368b394db1c4fb75e3c0f26a33a",
    "https://deno.land/std@0.223.0/path/join_globs.ts": "5b3bf248b93247194f94fa6947b612ab9d3abd571ca8386cf7789038545e54a0",
    "https://deno.land/std@0.223.0/path/mod.ts": "2821a1bb3a4148a0ffe79c92aa41aa9319fef73c6d6f5178f52b2c720d3eb02d",
    "https://deno.land/std@0.223.0/path/normalize.ts": "4155743ccceeed319b350c1e62e931600272fad8ad00c417b91df093867a8352",
    "https://deno.land/std@0.223.0/path/normalize_glob.ts": "cc89a77a7d3b1d01053b9dcd59462b75482b11e9068ae6c754b5cf5d794b374f",
    "https://deno.land/std@0.223.0/path/parse.ts": "3e172974e3c71025f5fbd2bd9db4307acb9cc2de14cf6f4464bf40957663cabe",
    "https://deno.land/std@0.223.0/path/posix/_util.ts": "1e3937da30f080bfc99fe45d7ed23c47dd8585c5e473b2d771380d3a6937cf9d",
    "https://deno.land/std@0.223.0/path/posix/basename.ts": "d2fa5fbbb1c5a3ab8b9326458a8d4ceac77580961b3739cd5bfd1d3541a3e5f0",
    "https://deno.land/std@0.223.0/path/posix/common.ts": "26f60ccc8b2cac3e1613000c23ac5a7d392715d479e5be413473a37903a2b5d4",
    "https://deno.land/std@0.223.0/path/posix/constants.ts": "93481efb98cdffa4c719c22a0182b994e5a6aed3047e1962f6c2c75b7592bef1",
    "https://deno.land/std@0.223.0/path/posix/dirname.ts": "76cd348ffe92345711409f88d4d8561d8645353ac215c8e9c80140069bf42f00",
    "https://deno.land/std@0.223.0/path/posix/extname.ts": "e398c1d9d1908d3756a7ed94199fcd169e79466dd88feffd2f47ce0abf9d61d2",
    "https://deno.land/std@0.223.0/path/posix/format.ts": "185e9ee2091a42dd39e2a3b8e4925370ee8407572cee1ae52838aed96310c5c1",
    "https://deno.land/std@0.223.0/path/posix/from_file_url.ts": "951aee3a2c46fd0ed488899d024c6352b59154c70552e90885ed0c2ab699bc40",
    "https://deno.land/std@0.223.0/path/posix/glob_to_regexp.ts": "76f012fcdb22c04b633f536c0b9644d100861bea36e9da56a94b9c589a742e8f",
    "https://deno.land/std@0.223.0/path/posix/is_absolute.ts": "cebe561ad0ae294f0ce0365a1879dcfca8abd872821519b4fcc8d8967f888ede",
    "https://deno.land/std@0.223.0/path/posix/is_glob.ts": "8a8b08c08bf731acf2c1232218f1f45a11131bc01de81e5f803450a5914434b9",
    "https://deno.land/std@0.223.0/path/posix/join.ts": "7fc2cb3716aa1b863e990baf30b101d768db479e70b7313b4866a088db016f63",
    "https://deno.land/std@0.223.0/path/posix/join_globs.ts": "a9475b44645feddceb484ee0498e456f4add112e181cb94042cdc6d47d1cdd25",
    "https://deno.land/std@0.223.0/path/posix/mod.ts": "2301fc1c54a28b349e20656f68a85f75befa0ee9b6cd75bfac3da5aca9c3f604",
    "https://deno.land/std@0.223.0/path/posix/normalize.ts": "baeb49816a8299f90a0237d214cef46f00ba3e95c0d2ceb74205a6a584b58a91",
    "https://deno.land/std@0.223.0/path/posix/normalize_glob.ts": "9c87a829b6c0f445d03b3ecadc14492e2864c3ebb966f4cea41e98326e4435c6",
    "https://deno.land/std@0.223.0/path/posix/parse.ts": "0b1fc4cb890dbb699ec1d2c232d274843b4a7142e1ad976b69fe51c954eb6080",
    "https://deno.land/std@0.223.0/path/posix/relative.ts": "3907d6eda41f0ff723d336125a1ad4349112cd4d48f693859980314d5b9da31c",
    "https://deno.land/std@0.223.0/path/posix/resolve.ts": "08b699cfeee10cb6857ccab38fa4b2ec703b0ea33e8e69964f29d02a2d5257cf",
    "https://deno.land/std@0.223.0/path/posix/to_file_url.ts": "7aa752ba66a35049e0e4a4be5a0a31ac6b645257d2e031142abb1854de250aaf",
    "https://deno.land/std@0.223.0/path/posix/to_namespaced_path.ts": "28b216b3c76f892a4dca9734ff1cc0045d135532bfd9c435ae4858bfa5a2ebf0",
    "https://deno.land/std@0.223.0/path/relative.ts": "ab739d727180ed8727e34ed71d976912461d98e2b76de3d3de834c1066667add",
    "https://deno.land/std@0.223.0/path/resolve.ts": "a6f977bdb4272e79d8d0ed4333e3d71367cc3926acf15ac271f1d059c8494d8d",
    "https://deno.land/std@0.223.0/path/to_file_url.ts": "88f049b769bce411e2d2db5bd9e6fd9a185a5fbd6b9f5ad8f52bef517c4ece1b",
    "https://deno.land/std@0.223.0/path/to_namespaced_path.ts": "b706a4103b104cfadc09600a5f838c2ba94dbcdb642344557122dda444526e40",
    "https://deno.land/std@0.223.0/path/windows/_util.ts": "d5f47363e5293fced22c984550d5e70e98e266cc3f31769e1710511803d04808",
    "https://deno.land/std@0.223.0/path/windows/basename.ts": "6bbc57bac9df2cec43288c8c5334919418d784243a00bc10de67d392ab36d660",
    "https://deno.land/std@0.223.0/path/windows/common.ts": "26f60ccc8b2cac3e1613000c23ac5a7d392715d479e5be413473a37903a2b5d4",
    "https://deno.land/std@0.223.0/path/windows/constants.ts": "5afaac0a1f67b68b0a380a4ef391bf59feb55856aa8c60dfc01bd3b6abb813f5",
    "https://deno.land/std@0.223.0/path/windows/dirname.ts": "33e421be5a5558a1346a48e74c330b8e560be7424ed7684ea03c12c21b627bc9",
    "https://deno.land/std@0.223.0/path/windows/extname.ts": "165a61b00d781257fda1e9606a48c78b06815385e7d703232548dbfc95346bef",
    "https://deno.land/std@0.223.0/path/windows/format.ts": "bbb5ecf379305b472b1082cd2fdc010e44a0020030414974d6029be9ad52aeb6",
    "https://deno.land/std@0.223.0/path/windows/from_file_url.ts": "ced2d587b6dff18f963f269d745c4a599cf82b0c4007356bd957cb4cb52efc01",
    "https://deno.land/std@0.223.0/path/windows/glob_to_regexp.ts": "e45f1f89bf3fc36f94ab7b3b9d0026729829fabc486c77f414caebef3b7304f8",
    "https://deno.land/std@0.223.0/path/windows/is_absolute.ts": "4a8f6853f8598cf91a835f41abed42112cebab09478b072e4beb00ec81f8ca8a",
    "https://deno.land/std@0.223.0/path/windows/is_glob.ts": "8a8b08c08bf731acf2c1232218f1f45a11131bc01de81e5f803450a5914434b9",
    "https://deno.land/std@0.223.0/path/windows/join.ts": "8d03530ab89195185103b7da9dfc6327af13eabdcd44c7c63e42e27808f50ecf",
    "https://deno.land/std@0.223.0/path/windows/join_globs.ts": "a9475b44645feddceb484ee0498e456f4add112e181cb94042cdc6d47d1cdd25",
    "https://deno.land/std@0.223.0/path/windows/mod.ts": "2301fc1c54a28b349e20656f68a85f75befa0ee9b6cd75bfac3da5aca9c3f604",
    "https://deno.land/std@0.223.0/path/windows/normalize.ts": "78126170ab917f0ca355a9af9e65ad6bfa5be14d574c5fb09bb1920f52577780",
    "https://deno.land/std@0.223.0/path/windows/normalize_glob.ts": "9c87a829b6c0f445d03b3ecadc14492e2864c3ebb966f4cea41e98326e4435c6",
    "https://deno.land/std@0.223.0/path/windows/parse.ts": "dbdfe2bc6db482d755b5f63f7207cd019240fcac02ad2efa582adf67ff10553a",
    "https://deno.land/std@0.223.0/path/windows/relative.ts": "3e1abc7977ee6cc0db2730d1f9cb38be87b0ce4806759d271a70e4997fc638d7",
    "https://deno.land/std@0.223.0/path/windows/resolve.ts": "8dae1dadfed9d46ff46cc337c9525c0c7d959fb400a6308f34595c45bdca1972",
    "https://deno.land/std@0.223.0/path/windows/to_file_url.ts": "40e560ee4854fe5a3d4d12976cef2f4e8914125c81b11f1108e127934ced502e",
    "https://deno.land/std@0.223.0/path/windows/to_namespaced_path.ts": "4ffa4fb6fae321448d5fe810b3ca741d84df4d7897e61ee29be961a6aac89a4c",
    "https://deno.land/x/denoflate@1.2.1/mod.ts": "f5628e44b80b3d80ed525afa2ba0f12408e3849db817d47a883b801f9ce69dd6",
    "https://deno.land/x/denoflate@1.2.1/pkg/denoflate.js": "b9f9ad9457d3f12f28b1fb35c555f57443427f74decb403113d67364e4f2caf4",
    "https://deno.land/x/denoflate@1.2.1/pkg/denoflate_bg.wasm.js": "d581956245407a2115a3d7e8d85a9641c032940a8e810acbd59ca86afd34d44d",
    "https://deno.land/x/esbuild@v0.17.2/mod.js": "96534dfc1d4c388af077246d85243a6a87b7fd6420d6f9498d135c109ee1a397",
    "https://deno.land/x/esbuild@v0.19.2/mod.js": "d619154b9c1cc70e8ee4b8db94fb01f00767c9e83089c135cede0cd3edd342a0"
  },
  "workspace": {
    "dependencies": [
      "jsr:@std/assert@1",
      "npm:solid-js@1.9.5"
    ]
  }
}
